
Microsoft Visual Studio Solution File, Format Version 12.00
# Visual Studio 15
VisualStudioVersion = 15.0.28307.757
MinimumVisualStudioVersion = 10.0.40219.1
Project("{FAE04EC0-301F-11D3-BF4B-00C04F79EFBC}") = "Client_PostePostulant", "Client_PostePostulant\Client_PostePostulant.csproj", "{EAFB00FE-AD9D-4D20-85D5-70504FEC27C6}"
EndProject
Global
	GlobalSection(SolutionConfigurationPlatforms) = preSolution
		Debug|Any CPU = Debug|Any CPU
		Release|Any CPU = Release|Any CPU
	EndGlobalSection
	GlobalSection(ProjectConfigurationPlatforms) = postSolution
		{EAFB00FE-AD9D-4D20-85D5-70504FEC27C6}.Debug|Any CPU.ActiveCfg = Debug|Any CPU
		{EAFB00FE-AD9D-4D20-85D5-70504FEC27C6}.Debug|Any CPU.Build.0 = Debug|Any CPU
		{EAFB00FE-AD9D-4D20-85D5-70504FEC27C6}.Release|Any CPU.ActiveCfg = Release|Any CPU
		{EAFB00FE-AD9D-4D20-85D5-70504FEC27C6}.Release|Any CPU.Build.0 = Release|Any CPU
	EndGlobalSection
	GlobalSection(SolutionProperties) = preSolution
		HideSolutionNode = FALSE
	EndGlobalSection
	GlobalSection(ExtensibilityGlobals) = postSolution
		SolutionGuid = {4F3730E6-FE1D-4FB8-A0A3-8EF7F0DDBE48}
	EndGlobalSection
EndGlobal
